<?xml version="1.0" encoding="utf-8"?>
<Project ToolsVersion="4.0" xmlns="http://schemas.microsoft.com/developer/msbuild/2003">
  <ItemGroup>
    <Filter Include="Исходные файлы">
      <UniqueIdentifier>{4FC737F1-C7A5-4376-A066-2A32D752A2FF}</UniqueIdentifier>
      <Extensions>cpp;c;cc;cxx;c++;cppm;ixx;def;odl;idl;hpj;bat;asm;asmx</Extensions>
    </Filter>
    <Filter Include="Файлы ресурсов">
      <UniqueIdentifier>{67DA6AB6-F800-4c08-8B7A-83BB121AAD01}</UniqueIdentifier>
      <Extensions>rc;ico;cur;bmp;dlg;rc2;rct;bin;rgs;gif;jpg;jpeg;jpe;resx;tiff;tif;png;wav;mfcribbon-ms</Extensions>
    </Filter>
    <Filter Include="Файлы заголовков">
      <UniqueIdentifier>{93995380-89BD-4b04-88EB-625FBE52EBFB}</UniqueIdentifier>
      <Extensions>h;hh;hpp;hxx;h++;hm;inl;inc;ipp;xsd</Extensions>
    </Filter>
    <Filter Include="Файлы ресурсов\keys">
      <UniqueIdentifier>{e47e2aa5-162b-413f-98af-f508ec236892}</UniqueIdentifier>
    </Filter>
  </ItemGroup>
  <ItemGroup>
    <ClCompile Include="main.cpp">
      <Filter>Исходные файлы</Filter>
    </ClCompile>
    <ClCompile Include="encoder_camellia.cpp">
      <Filter>Исходные файлы</Filter>
    </ClCompile>
    <ClCompile Include="Index.cpp">
      <Filter>Исходные файлы</Filter>
    </ClCompile>
    <ClCompile Include="File.cpp">
      <Filter>Исходные файлы</Filter>
    </ClCompile>
    <ClCompile Include="Packer.cpp">
      <Filter>Исходные файлы</Filter>
    </ClCompile>
    <ClCompile Include="encryption.cpp">
      <Filter>Исходные файлы</Filter>
    </ClCompile>
    <ClCompile Include="utils.cpp">
      <Filter>Исходные файлы</Filter>
    </ClCompile>
    <ClCompile Include="cmd.cpp">
      <Filter>Исходные файлы</Filter>
    </ClCompile>
    <ClCompile Include="key.cpp">
      <Filter>Исходные файлы</Filter>
    </ClCompile>
  </ItemGroup>
  <ItemGroup>
    <ClInclude Include="encoder_camellia.h">
      <Filter>Файлы заголовков</Filter>
    </ClInclude>
    <ClInclude Include="camellia_tables.h">
      <Filter>Файлы заголовков</Filter>
    </ClInclude>
    <ClInclude Include="utils.h">
      <Filter>Файлы заголовков</Filter>
    </ClInclude>
    <ClInclude Include="Index.h">
      <Filter>Файлы заголовков</Filter>
    </ClInclude>
    <ClInclude Include="File.h">
      <Filter>Файлы заголовков</Filter>
    </ClInclude>
    <ClInclude Include="Packer.h">
      <Filter>Файлы заголовков</Filter>
    </ClInclude>
    <ClInclude Include="encryption.h">
      <Filter>Файлы заголовков</Filter>
    </ClInclude>
    <ClInclude Include="CamelliaConfigItem.h">
      <Filter>Файлы заголовков</Filter>
    </ClInclude>
    <ClInclude Include="cmd.h">
      <Filter>Файлы заголовков</Filter>
    </ClInclude>
    <ClInclude Include="key.h">
      <Filter>Файлы заголовков</Filter>
    </ClInclude>
    <ClInclude Include="IEncryption.h">
      <Filter>Файлы заголовков</Filter>
    </ClInclude>
  </ItemGroup>
  <ItemGroup>
    <Text Include="keys\1.txt">
      <Filter>Файлы ресурсов\keys</Filter>
    </Text>
    <Text Include="keys\10.txt" />
    <Text Include="keys\11.txt" />
    <Text Include="keys\12.txt" />
    <Text Include="keys\13.txt" />
    <Text Include="keys\14.txt" />
    <Text Include="keys\15.txt" />
    <Text Include="keys\16.txt" />
    <Text Include="keys\17.txt" />
    <Text Include="keys\18.txt" />
    <Text Include="keys\19.txt" />
    <Text Include="keys\2.txt" />
    <Text Include="keys\20.txt" />
    <Text Include="keys\21.txt" />
    <Text Include="keys\22.txt" />
    <Text Include="keys\23.txt" />
    <Text Include="keys\24.txt" />
    <Text Include="keys\25.txt" />
    <Text Include="keys\26.txt" />
    <Text Include="keys\27.txt" />
    <Text Include="keys\28.txt" />
    <Text Include="keys\29.txt" />
    <Text Include="keys\3.txt" />
    <Text Include="keys\30.txt" />
    <Text Include="keys\31.txt" />
    <Text Include="keys\32.txt" />
    <Text Include="keys\4.txt" />
    <Text Include="keys\5.txt" />
    <Text Include="keys\6.txt" />
    <Text Include="keys\7.txt" />
    <Text Include="keys\8.txt" />
    <Text Include="keys\9.txt" />
  </ItemGroup>
</Project>